
Microsoft Visual Studio Solution File, Format Version 12.00
# Visual Studio Version 16
VisualStudioVersion = 16.0.31702.278
MinimumVisualStudioVersion = 10.0.40219.1
Project("{FAE04EC0-301F-11D3-BF4B-00C04F79EFBC}") = "Niculiță_Cosmina_Lab6.Android", "Niculiță_Cosmina_Lab6\Niculiță_Cosmina_Lab6.Android\Niculiță_Cosmina_Lab6.Android.csproj", "{89F9286E-454D-47AE-9097-C317A9367CD6}"
EndProject
Project("{FAE04EC0-301F-11D3-BF4B-00C04F79EFBC}") = "Niculiță_Cosmina_Lab6.iOS", "Niculiță_Cosmina_Lab6\Niculiță_Cosmina_Lab6.iOS\Niculiță_Cosmina_Lab6.iOS.csproj", "{10DD6D18-CFC2-469B-8453-74C793286DF0}"
EndProject
Project("{FAE04EC0-301F-11D3-BF4B-00C04F79EFBC}") = "Niculiță_Cosmina_Lab6", "Niculiță_Cosmina_Lab6\Niculiță_Cosmina_Lab6\Niculiță_Cosmina_Lab6.csproj", "{AEC5126D-EF0A-4240-8A20-7728A1FA0F73}"
EndProject
Global
	GlobalSection(SolutionConfigurationPlatforms) = preSolution
		Debug|Any CPU = Debug|Any CPU
		Debug|iPhone = Debug|iPhone
		Debug|iPhoneSimulator = Debug|iPhoneSimulator
		Release|Any CPU = Release|Any CPU
		Release|iPhone = Release|iPhone
		Release|iPhoneSimulator = Release|iPhoneSimulator
	EndGlobalSection
	GlobalSection(ProjectConfigurationPlatforms) = postSolution
		{89F9286E-454D-47AE-9097-C317A9367CD6}.Debug|Any CPU.ActiveCfg = Debug|Any CPU
		{89F9286E-454D-47AE-9097-C317A9367CD6}.Debug|Any CPU.Build.0 = Debug|Any CPU
		{89F9286E-454D-47AE-9097-C317A9367CD6}.Debug|Any CPU.Deploy.0 = Debug|Any CPU
		{89F9286E-454D-47AE-9097-C317A9367CD6}.Debug|iPhone.ActiveCfg = Debug|Any CPU
		{89F9286E-454D-47AE-9097-C317A9367CD6}.Debug|iPhone.Build.0 = Debug|Any CPU
		{89F9286E-454D-47AE-9097-C317A9367CD6}.Debug|iPhone.Deploy.0 = Debug|Any CPU
		{89F9286E-454D-47AE-9097-C317A9367CD6}.Debug|iPhoneSimulator.ActiveCfg = Debug|Any CPU
		{89F9286E-454D-47AE-9097-C317A9367CD6}.Debug|iPhoneSimulator.Build.0 = Debug|Any CPU
		{89F9286E-454D-47AE-9097-C317A9367CD6}.Debug|iPhoneSimulator.Deploy.0 = Debug|Any CPU
		{89F9286E-454D-47AE-9097-C317A9367CD6}.Release|Any CPU.ActiveCfg = Release|Any CPU
		{89F9286E-454D-47AE-9097-C317A9367CD6}.Release|Any CPU.Build.0 = Release|Any CPU
		{89F9286E-454D-47AE-9097-C317A9367CD6}.Release|Any CPU.Deploy.0 = Release|Any CPU
		{89F9286E-454D-47AE-9097-C317A9367CD6}.Release|iPhone.ActiveCfg = Release|Any CPU
		{89F9286E-454D-47AE-9097-C317A9367CD6}.Release|iPhone.Build.0 = Release|Any CPU
		{89F9286E-454D-47AE-9097-C317A9367CD6}.Release|iPhone.Deploy.0 = Release|Any CPU
		{89F9286E-454D-47AE-9097-C317A9367CD6}.Release|iPhoneSimulator.ActiveCfg = Release|Any CPU
		{89F9286E-454D-47AE-9097-C317A9367CD6}.Release|iPhoneSimulator.Build.0 = Release|Any CPU
		{89F9286E-454D-47AE-9097-C317A9367CD6}.Release|iPhoneSimulator.Deploy.0 = Release|Any CPU
		{10DD6D18-CFC2-469B-8453-74C793286DF0}.Debug|Any CPU.ActiveCfg = Debug|iPhone
		{10DD6D18-CFC2-469B-8453-74C793286DF0}.Debug|Any CPU.Build.0 = Debug|iPhone
		{10DD6D18-CFC2-469B-8453-74C793286DF0}.Debug|Any CPU.Deploy.0 = Debug|iPhone
		{10DD6D18-CFC2-469B-8453-74C793286DF0}.Debug|iPhone.ActiveCfg = Debug|iPhone
		{10DD6D18-CFC2-469B-8453-74C793286DF0}.Debug|iPhone.Build.0 = Debug|iPhone
		{10DD6D18-CFC2-469B-8453-74C793286DF0}.Debug|iPhone.Deploy.0 = Debug|iPhone
		{10DD6D18-CFC2-469B-8453-74C793286DF0}.Debug|iPhoneSimulator.ActiveCfg = Debug|iPhoneSimulator
		{10DD6D18-CFC2-469B-8453-74C793286DF0}.Debug|iPhoneSimulator.Build.0 = Debug|iPhoneSimulator
		{10DD6D18-CFC2-469B-8453-74C793286DF0}.Debug|iPhoneSimulator.Deploy.0 = Debug|iPhoneSimulator
		{10DD6D18-CFC2-469B-8453-74C793286DF0}.Release|Any CPU.ActiveCfg = Release|iPhoneSimulator
		{10DD6D18-CFC2-469B-8453-74C793286DF0}.Release|Any CPU.Build.0 = Release|iPhoneSimulator
		{10DD6D18-CFC2-469B-8453-74C793286DF0}.Release|Any CPU.Deploy.0 = Release|iPhoneSimulator
		{10DD6D18-CFC2-469B-8453-74C793286DF0}.Release|iPhone.ActiveCfg = Release|iPhone
		{10DD6D18-CFC2-469B-8453-74C793286DF0}.Release|iPhone.Build.0 = Release|iPhone
		{10DD6D18-CFC2-469B-8453-74C793286DF0}.Release|iPhone.Deploy.0 = Release|iPhone
		{10DD6D18-CFC2-469B-8453-74C793286DF0}.Release|iPhoneSimulator.ActiveCfg = Release|iPhoneSimulator
		{10DD6D18-CFC2-469B-8453-74C793286DF0}.Release|iPhoneSimulator.Build.0 = Release|iPhoneSimulator
		{10DD6D18-CFC2-469B-8453-74C793286DF0}.Release|iPhoneSimulator.Deploy.0 = Release|iPhoneSimulator
		{AEC5126D-EF0A-4240-8A20-7728A1FA0F73}.Debug|Any CPU.ActiveCfg = Debug|Any CPU
		{AEC5126D-EF0A-4240-8A20-7728A1FA0F73}.Debug|Any CPU.Build.0 = Debug|Any CPU
		{AEC5126D-EF0A-4240-8A20-7728A1FA0F73}.Debug|Any CPU.Deploy.0 = Debug|Any CPU
		{AEC5126D-EF0A-4240-8A20-7728A1FA0F73}.Debug|iPhone.ActiveCfg = Debug|Any CPU
		{AEC5126D-EF0A-4240-8A20-7728A1FA0F73}.Debug|iPhone.Build.0 = Debug|Any CPU
		{AEC5126D-EF0A-4240-8A20-7728A1FA0F73}.Debug|iPhone.Deploy.0 = Debug|Any CPU
		{AEC5126D-EF0A-4240-8A20-7728A1FA0F73}.Debug|iPhoneSimulator.ActiveCfg = Debug|Any CPU
		{AEC5126D-EF0A-4240-8A20-7728A1FA0F73}.Debug|iPhoneSimulator.Build.0 = Debug|Any CPU
		{AEC5126D-EF0A-4240-8A20-7728A1FA0F73}.Debug|iPhoneSimulator.Deploy.0 = Debug|Any CPU
		{AEC5126D-EF0A-4240-8A20-7728A1FA0F73}.Release|Any CPU.ActiveCfg = Release|Any CPU
		{AEC5126D-EF0A-4240-8A20-7728A1FA0F73}.Release|Any CPU.Build.0 = Release|Any CPU
		{AEC5126D-EF0A-4240-8A20-7728A1FA0F73}.Release|Any CPU.Deploy.0 = Release|Any CPU
		{AEC5126D-EF0A-4240-8A20-7728A1FA0F73}.Release|iPhone.ActiveCfg = Release|Any CPU
		{AEC5126D-EF0A-4240-8A20-7728A1FA0F73}.Release|iPhone.Build.0 = Release|Any CPU
		{AEC5126D-EF0A-4240-8A20-7728A1FA0F73}.Release|iPhone.Deploy.0 = Release|Any CPU
		{AEC5126D-EF0A-4240-8A20-7728A1FA0F73}.Release|iPhoneSimulator.ActiveCfg = Release|Any CPU
		{AEC5126D-EF0A-4240-8A20-7728A1FA0F73}.Release|iPhoneSimulator.Build.0 = Release|Any CPU
		{AEC5126D-EF0A-4240-8A20-7728A1FA0F73}.Release|iPhoneSimulator.Deploy.0 = Release|Any CPU
	EndGlobalSection
	GlobalSection(SolutionProperties) = preSolution
		HideSolutionNode = FALSE
	EndGlobalSection
	GlobalSection(ExtensibilityGlobals) = postSolution
		SolutionGuid = {D76FB6FD-346C-4BDA-8253-13D78D2D01C7}
	EndGlobalSection
EndGlobal
